
Microsoft Visual Studio Solution File, Format Version 12.00
# Visual Studio Version 16
VisualStudioVersion = 16.0.28803.352
MinimumVisualStudioVersion = 10.0.40219.1
Project("{8BC9CEB8-8B4A-11D0-8D11-00A0C91BC942}") = "RailroadGL", "RailroadGL\RailroadGL.vcxproj", "{62A3E190-3331-4F08-9A9F-24315D6A805E}"
EndProject
Project("{2150E333-8FDC-42A3-9474-1A3956D46DE8}") = "Shaders Files", "Shaders Files", "{520D4B5D-885D-43CC-B75C-4F342C729245}"
EndProject
Project("{2150E333-8FDC-42A3-9474-1A3956D46DE8}") = "linear", "linear", "{170CEC3B-59D7-4260-ADA6-14EA0F7ED042}"
	ProjectSection(SolutionItems) = preProject
		glsl\linear\fragment.glsl = glsl\linear\fragment.glsl
		glsl\linear\vertex.glsl = glsl\linear\vertex.glsl
	EndProjectSection
EndProject
Project("{2150E333-8FDC-42A3-9474-1A3956D46DE8}") = "cubic", "cubic", "{E4F599C2-AF64-4BAC-98C8-5B29F95F6B34}"
	ProjectSection(SolutionItems) = preProject
		glsl\cubic\fragment.glsl = glsl\cubic\fragment.glsl
	EndProjectSection
EndProject
Project("{2150E333-8FDC-42A3-9474-1A3956D46DE8}") = "hermite", "hermite", "{E31427EF-2F25-4FC9-B498-6A103814B80A}"
	ProjectSection(SolutionItems) = preProject
		glsl\hermite\fragment.glsl = glsl\hermite\fragment.glsl
	EndProjectSection
EndProject
Global
	GlobalSection(SolutionConfigurationPlatforms) = preSolution
		Debug GOLD|Win32 = Debug GOLD|Win32
		Debug PLAT|Win32 = Debug PLAT|Win32
		Release|Win32 = Release|Win32
	EndGlobalSection
	GlobalSection(ProjectConfigurationPlatforms) = postSolution
		{62A3E190-3331-4F08-9A9F-24315D6A805E}.Debug GOLD|Win32.ActiveCfg = Debug GOLD|Win32
		{62A3E190-3331-4F08-9A9F-24315D6A805E}.Debug GOLD|Win32.Build.0 = Debug GOLD|Win32
		{62A3E190-3331-4F08-9A9F-24315D6A805E}.Debug PLAT|Win32.ActiveCfg = Debug PLAT|Win32
		{62A3E190-3331-4F08-9A9F-24315D6A805E}.Debug PLAT|Win32.Build.0 = Debug PLAT|Win32
		{62A3E190-3331-4F08-9A9F-24315D6A805E}.Release|Win32.ActiveCfg = Release|Win32
		{62A3E190-3331-4F08-9A9F-24315D6A805E}.Release|Win32.Build.0 = Release|Win32
	EndGlobalSection
	GlobalSection(SolutionProperties) = preSolution
		HideSolutionNode = FALSE
	EndGlobalSection
	GlobalSection(NestedProjects) = preSolution
		{170CEC3B-59D7-4260-ADA6-14EA0F7ED042} = {520D4B5D-885D-43CC-B75C-4F342C729245}
		{E4F599C2-AF64-4BAC-98C8-5B29F95F6B34} = {520D4B5D-885D-43CC-B75C-4F342C729245}
		{E31427EF-2F25-4FC9-B498-6A103814B80A} = {520D4B5D-885D-43CC-B75C-4F342C729245}
	EndGlobalSection
	GlobalSection(ExtensibilityGlobals) = postSolution
		SolutionGuid = {76298140-6EFF-4E41-BE27-FD61CE97B9DE}
	EndGlobalSection
EndGlobal
